
Microsoft Visual Studio Solution File, Format Version 12.00
# Visual Studio Version 17
VisualStudioVersion = 17.7.34202.233
MinimumVisualStudioVersion = 10.0.40219.1
Project("{2150E333-8FDC-42A3-9474-1A3956D46DE8}") = "Services", "Services", "{8FD2C9EF-B6A0-47C1-9816-C303AD988E9D}"
EndProject
Project("{2150E333-8FDC-42A3-9474-1A3956D46DE8}") = "Catalog", "Catalog", "{61663619-173E-439C-87DB-DDB0259B1F3C}"
EndProject
Project("{9A19103F-16F7-4668-BE54-9A1E7A4F7556}") = "Catalog.API", "Services\Catalog\Catalog.API\Catalog.API.csproj", "{C89F7A6F-654F-4943-92BC-2E687EEB59C8}"
EndProject
Project("{E53339B2-1760-4266-BCC7-CA923CBCF16C}") = "docker-compose", "docker-compose.dcproj", "{4A921660-9961-499F-914B-B34ED0E4CE93}"
EndProject
Project("{2150E333-8FDC-42A3-9474-1A3956D46DE8}") = "Basket", "Basket", "{6BFB0FC5-0907-47C2-9C6D-82C83266891F}"
EndProject
Project("{9A19103F-16F7-4668-BE54-9A1E7A4F7556}") = "Basket.API", "Services\Basket\Basket.API\Basket.API.csproj", "{42487861-DE8A-43EB-95E9-1FD79C939F42}"
EndProject
Project("{2150E333-8FDC-42A3-9474-1A3956D46DE8}") = "Discount", "Discount", "{49F450C8-7AD1-4DD8-A3D4-7E3CC919D5EB}"
EndProject
Project("{9A19103F-16F7-4668-BE54-9A1E7A4F7556}") = "Discount.API", "Services\Discount\Discount.API\Discount.API.csproj", "{20A342EA-415B-49CC-81E2-8E0D7D2036DC}"
EndProject
Project("{FAE04EC0-301F-11D3-BF4B-00C04F79EFBC}") = "Discount.Grpc", "Services\Discount\Discount.Grpc\Discount.Grpc.csproj", "{820DC6E6-D6DE-46F3-BF19-AD711D8132BD}"
EndProject
Project("{2150E333-8FDC-42A3-9474-1A3956D46DE8}") = "Ordering", "Ordering", "{BC0B4925-03A7-42D8-A465-514C73D9494F}"
EndProject
Project("{FAE04EC0-301F-11D3-BF4B-00C04F79EFBC}") = "Ordering.API", "Services\Ordering\Ordering.API\Ordering.API.csproj", "{57048D40-209D-4CB6-8A9C-8DC0873BED5F}"
EndProject
Global
	GlobalSection(SolutionConfigurationPlatforms) = preSolution
		Debug|Any CPU = Debug|Any CPU
		Release|Any CPU = Release|Any CPU
	EndGlobalSection
	GlobalSection(ProjectConfigurationPlatforms) = postSolution
		{C89F7A6F-654F-4943-92BC-2E687EEB59C8}.Debug|Any CPU.ActiveCfg = Debug|Any CPU
		{C89F7A6F-654F-4943-92BC-2E687EEB59C8}.Debug|Any CPU.Build.0 = Debug|Any CPU
		{C89F7A6F-654F-4943-92BC-2E687EEB59C8}.Release|Any CPU.ActiveCfg = Release|Any CPU
		{C89F7A6F-654F-4943-92BC-2E687EEB59C8}.Release|Any CPU.Build.0 = Release|Any CPU
		{4A921660-9961-499F-914B-B34ED0E4CE93}.Debug|Any CPU.ActiveCfg = Debug|Any CPU
		{4A921660-9961-499F-914B-B34ED0E4CE93}.Debug|Any CPU.Build.0 = Debug|Any CPU
		{4A921660-9961-499F-914B-B34ED0E4CE93}.Release|Any CPU.ActiveCfg = Release|Any CPU
		{4A921660-9961-499F-914B-B34ED0E4CE93}.Release|Any CPU.Build.0 = Release|Any CPU
		{42487861-DE8A-43EB-95E9-1FD79C939F42}.Debug|Any CPU.ActiveCfg = Debug|Any CPU
		{42487861-DE8A-43EB-95E9-1FD79C939F42}.Debug|Any CPU.Build.0 = Debug|Any CPU
		{42487861-DE8A-43EB-95E9-1FD79C939F42}.Release|Any CPU.ActiveCfg = Release|Any CPU
		{42487861-DE8A-43EB-95E9-1FD79C939F42}.Release|Any CPU.Build.0 = Release|Any CPU
		{20A342EA-415B-49CC-81E2-8E0D7D2036DC}.Debug|Any CPU.ActiveCfg = Debug|Any CPU
		{20A342EA-415B-49CC-81E2-8E0D7D2036DC}.Debug|Any CPU.Build.0 = Debug|Any CPU
		{20A342EA-415B-49CC-81E2-8E0D7D2036DC}.Release|Any CPU.ActiveCfg = Release|Any CPU
		{20A342EA-415B-49CC-81E2-8E0D7D2036DC}.Release|Any CPU.Build.0 = Release|Any CPU
		{820DC6E6-D6DE-46F3-BF19-AD711D8132BD}.Debug|Any CPU.ActiveCfg = Debug|Any CPU
		{820DC6E6-D6DE-46F3-BF19-AD711D8132BD}.Debug|Any CPU.Build.0 = Debug|Any CPU
		{820DC6E6-D6DE-46F3-BF19-AD711D8132BD}.Release|Any CPU.ActiveCfg = Release|Any CPU
		{820DC6E6-D6DE-46F3-BF19-AD711D8132BD}.Release|Any CPU.Build.0 = Release|Any CPU
		{57048D40-209D-4CB6-8A9C-8DC0873BED5F}.Debug|Any CPU.ActiveCfg = Debug|Any CPU
		{57048D40-209D-4CB6-8A9C-8DC0873BED5F}.Debug|Any CPU.Build.0 = Debug|Any CPU
		{57048D40-209D-4CB6-8A9C-8DC0873BED5F}.Release|Any CPU.ActiveCfg = Release|Any CPU
		{57048D40-209D-4CB6-8A9C-8DC0873BED5F}.Release|Any CPU.Build.0 = Release|Any CPU
	EndGlobalSection
	GlobalSection(SolutionProperties) = preSolution
		HideSolutionNode = FALSE
	EndGlobalSection
	GlobalSection(NestedProjects) = preSolution
		{61663619-173E-439C-87DB-DDB0259B1F3C} = {8FD2C9EF-B6A0-47C1-9816-C303AD988E9D}
		{C89F7A6F-654F-4943-92BC-2E687EEB59C8} = {61663619-173E-439C-87DB-DDB0259B1F3C}
		{6BFB0FC5-0907-47C2-9C6D-82C83266891F} = {8FD2C9EF-B6A0-47C1-9816-C303AD988E9D}
		{42487861-DE8A-43EB-95E9-1FD79C939F42} = {6BFB0FC5-0907-47C2-9C6D-82C83266891F}
		{49F450C8-7AD1-4DD8-A3D4-7E3CC919D5EB} = {8FD2C9EF-B6A0-47C1-9816-C303AD988E9D}
		{20A342EA-415B-49CC-81E2-8E0D7D2036DC} = {49F450C8-7AD1-4DD8-A3D4-7E3CC919D5EB}
		{820DC6E6-D6DE-46F3-BF19-AD711D8132BD} = {49F450C8-7AD1-4DD8-A3D4-7E3CC919D5EB}
		{BC0B4925-03A7-42D8-A465-514C73D9494F} = {8FD2C9EF-B6A0-47C1-9816-C303AD988E9D}
		{57048D40-209D-4CB6-8A9C-8DC0873BED5F} = {BC0B4925-03A7-42D8-A465-514C73D9494F}
	EndGlobalSection
	GlobalSection(ExtensibilityGlobals) = postSolution
		SolutionGuid = {3667BDD3-C07A-4B9B-A6B6-48EE4F84A49F}
	EndGlobalSection
EndGlobal
